
Microsoft Visual Studio Solution File, Format Version 12.00
# Visual Studio Version 17
VisualStudioVersion = 17.3.32929.385
MinimumVisualStudioVersion = 10.0.40219.1
Project("{9A19103F-16F7-4668-BE54-9A1E7A4F7556}") = "BigPP.API", "BigPP.API\BigPP.API.csproj", "{0D26FCAF-D277-4DB5-93EA-060F4CFF53DA}"
EndProject
Project("{9A19103F-16F7-4668-BE54-9A1E7A4F7556}") = "BigPP.Entity", "BigPP.Entity\BigPP.Entity.csproj", "{F0BD085C-1674-4EF8-AC93-74EBAD8775D8}"
EndProject
Project("{9A19103F-16F7-4668-BE54-9A1E7A4F7556}") = "BigPP.DataAccess", "BigPP.DataAccess\BigPP.DataAccess.csproj", "{6A4BA165-B820-4A98-81BA-FD189E2FBAC2}"
EndProject
Project("{9A19103F-16F7-4668-BE54-9A1E7A4F7556}") = "BigPP.Business", "BigPP.Business\BigPP.Business.csproj", "{E2AA6A25-B0AA-4DE8-B582-4150D0623F41}"
EndProject
Project("{2150E333-8FDC-42A3-9474-1A3956D46DE8}") = "Solution Items", "Solution Items", "{D7E9B16F-9F09-4394-83E6-520D88E27319}"
	ProjectSection(SolutionItems) = preProject
		Rules.txt = Rules.txt
	EndProjectSection
EndProject
Global
	GlobalSection(SolutionConfigurationPlatforms) = preSolution
		Debug|Any CPU = Debug|Any CPU
		Release|Any CPU = Release|Any CPU
	EndGlobalSection
	GlobalSection(ProjectConfigurationPlatforms) = postSolution
		{0D26FCAF-D277-4DB5-93EA-060F4CFF53DA}.Debug|Any CPU.ActiveCfg = Debug|Any CPU
		{0D26FCAF-D277-4DB5-93EA-060F4CFF53DA}.Debug|Any CPU.Build.0 = Debug|Any CPU
		{0D26FCAF-D277-4DB5-93EA-060F4CFF53DA}.Release|Any CPU.ActiveCfg = Release|Any CPU
		{0D26FCAF-D277-4DB5-93EA-060F4CFF53DA}.Release|Any CPU.Build.0 = Release|Any CPU
		{F0BD085C-1674-4EF8-AC93-74EBAD8775D8}.Debug|Any CPU.ActiveCfg = Debug|Any CPU
		{F0BD085C-1674-4EF8-AC93-74EBAD8775D8}.Debug|Any CPU.Build.0 = Debug|Any CPU
		{F0BD085C-1674-4EF8-AC93-74EBAD8775D8}.Release|Any CPU.ActiveCfg = Release|Any CPU
		{F0BD085C-1674-4EF8-AC93-74EBAD8775D8}.Release|Any CPU.Build.0 = Release|Any CPU
		{6A4BA165-B820-4A98-81BA-FD189E2FBAC2}.Debug|Any CPU.ActiveCfg = Debug|Any CPU
		{6A4BA165-B820-4A98-81BA-FD189E2FBAC2}.Debug|Any CPU.Build.0 = Debug|Any CPU
		{6A4BA165-B820-4A98-81BA-FD189E2FBAC2}.Release|Any CPU.ActiveCfg = Release|Any CPU
		{6A4BA165-B820-4A98-81BA-FD189E2FBAC2}.Release|Any CPU.Build.0 = Release|Any CPU
		{E2AA6A25-B0AA-4DE8-B582-4150D0623F41}.Debug|Any CPU.ActiveCfg = Debug|Any CPU
		{E2AA6A25-B0AA-4DE8-B582-4150D0623F41}.Debug|Any CPU.Build.0 = Debug|Any CPU
		{E2AA6A25-B0AA-4DE8-B582-4150D0623F41}.Release|Any CPU.ActiveCfg = Release|Any CPU
		{E2AA6A25-B0AA-4DE8-B582-4150D0623F41}.Release|Any CPU.Build.0 = Release|Any CPU
	EndGlobalSection
	GlobalSection(SolutionProperties) = preSolution
		HideSolutionNode = FALSE
	EndGlobalSection
	GlobalSection(ExtensibilityGlobals) = postSolution
		SolutionGuid = {FADD5281-5EEB-4183-8C01-FA413A58D62B}
	EndGlobalSection
EndGlobal
